{
  "name": "pwa-workshop",
  "version": "0.0.0",
  "lockfileVersion": 1,
  "requires": true,
  "dependencies": {
    "@wmr-plugins/service-worker": {
      "version": "0.1.0",
      "resolved": "https://registry.npmjs.org/@wmr-plugins/service-worker/-/service-worker-0.1.0.tgz",
      "integrity": "sha512-2eHKxPPgggglrdEdGLn9Eeei14DWEISQo8mTC6MHXcx1Hw9uzYZVgZpTthj2B7Ap0UNjV4nMafGisf/CtETWjg==",
      "dev": true,
      "requires": {
        "rollup": "^2.0.0"
      }
    },
    "fsevents": {
      "version": "2.3.2",
      "resolved": "https://registry.npmjs.org/fsevents/-/fsevents-2.3.2.tgz",
      "integrity": "sha512-xiqMQR4xAeHTuB9uWm+fFRcIOgKBMiOBP+eXiyT7jsgVCq1bkVygt00oASowB7EdtpOHaaPgKt812P9ab+DDKA==",
      "dev": true,
      "optional": true
    },
    "rollup": {
      "version": "2.39.1",
      "resolved": "https://registry.npmjs.org/rollup/-/rollup-2.39.1.tgz",
      "integrity": "sha512-9rfr0Z6j+vE+eayfNVFr1KZ+k+jiUl2+0e4quZafy1x6SFCjzFspfRSO2ZZQeWeX9noeDTUDgg6eCENiEPFvQg==",
      "dev": true,
      "requires": {
        "fsevents": "~2.3.1"
      }
    },
    "wmr": {
      "version": "1.3.2",
      "resolved": "https://registry.npmjs.org/wmr/-/wmr-1.3.2.tgz",
      "integrity": "sha512-XOj9OXpQ9LsZJPQSdo5poiielifmXMp3QF2DxFdmu01LxT0ohd6iqPi9Qj3eqExH3O9srD1yG/HOwxQRAly0Wg==",
      "dev": true
    }
  }
}
